
Microsoft Visual Studio Solution File, Format Version 12.00
# Visual Studio Version 17
VisualStudioVersion = 17.8.34316.72
MinimumVisualStudioVersion = 10.0.40219.1
Project("{9A19103F-16F7-4668-BE54-9A1E7A4F7556}") = "TestBoardFixApp", "TestBoardFixApp\TestBoardFixApp.csproj", "{239AD648-C63D-4D1D-B97D-5FC80C07AB08}"
EndProject
Project("{FAE04EC0-301F-11D3-BF4B-00C04F79EFBC}") = "TestBoardFixEFCoreLib", "TestBoardFixEFCoreLib\TestBoardFixEFCoreLib.csproj", "{5C536B03-CF34-4424-8F3D-31E0842AA035}"
EndProject
Global
	GlobalSection(SolutionConfigurationPlatforms) = preSolution
		Debug|Any CPU = Debug|Any CPU
		Debug|ARM64 = Debug|ARM64
		Release|Any CPU = Release|Any CPU
		Release|ARM64 = Release|ARM64
	EndGlobalSection
	GlobalSection(ProjectConfigurationPlatforms) = postSolution
		{239AD648-C63D-4D1D-B97D-5FC80C07AB08}.Debug|Any CPU.ActiveCfg = Debug|Any CPU
		{239AD648-C63D-4D1D-B97D-5FC80C07AB08}.Debug|Any CPU.Build.0 = Debug|Any CPU
		{239AD648-C63D-4D1D-B97D-5FC80C07AB08}.Debug|Any CPU.Deploy.0 = Debug|Any CPU
		{239AD648-C63D-4D1D-B97D-5FC80C07AB08}.Debug|ARM64.ActiveCfg = Debug|ARM64
		{239AD648-C63D-4D1D-B97D-5FC80C07AB08}.Debug|ARM64.Build.0 = Debug|ARM64
		{239AD648-C63D-4D1D-B97D-5FC80C07AB08}.Debug|ARM64.Deploy.0 = Debug|ARM64
		{239AD648-C63D-4D1D-B97D-5FC80C07AB08}.Release|Any CPU.ActiveCfg = Release|Any CPU
		{239AD648-C63D-4D1D-B97D-5FC80C07AB08}.Release|Any CPU.Build.0 = Release|Any CPU
		{239AD648-C63D-4D1D-B97D-5FC80C07AB08}.Release|Any CPU.Deploy.0 = Release|Any CPU
		{239AD648-C63D-4D1D-B97D-5FC80C07AB08}.Release|ARM64.ActiveCfg = Release|ARM64
		{239AD648-C63D-4D1D-B97D-5FC80C07AB08}.Release|ARM64.Build.0 = Release|ARM64
		{239AD648-C63D-4D1D-B97D-5FC80C07AB08}.Release|ARM64.Deploy.0 = Release|ARM64
		{5C536B03-CF34-4424-8F3D-31E0842AA035}.Debug|Any CPU.ActiveCfg = Debug|Any CPU
		{5C536B03-CF34-4424-8F3D-31E0842AA035}.Debug|Any CPU.Build.0 = Debug|Any CPU
		{5C536B03-CF34-4424-8F3D-31E0842AA035}.Debug|ARM64.ActiveCfg = Debug|Any CPU
		{5C536B03-CF34-4424-8F3D-31E0842AA035}.Debug|ARM64.Build.0 = Debug|Any CPU
		{5C536B03-CF34-4424-8F3D-31E0842AA035}.Release|Any CPU.ActiveCfg = Release|Any CPU
		{5C536B03-CF34-4424-8F3D-31E0842AA035}.Release|Any CPU.Build.0 = Release|Any CPU
		{5C536B03-CF34-4424-8F3D-31E0842AA035}.Release|ARM64.ActiveCfg = Release|Any CPU
		{5C536B03-CF34-4424-8F3D-31E0842AA035}.Release|ARM64.Build.0 = Release|Any CPU
	EndGlobalSection
	GlobalSection(SolutionProperties) = preSolution
		HideSolutionNode = FALSE
	EndGlobalSection
	GlobalSection(ExtensibilityGlobals) = postSolution
		SolutionGuid = {C2CD6555-2E9C-491D-B3E7-86C5E68F4F40}
	EndGlobalSection
EndGlobal
